
Microsoft Visual Studio Solution File, Format Version 12.00
# Visual Studio 2012
Project("{070BCB52-5A75-4F8C-A973-144AF0EAFCC9}") = "PictureTogether", "PictureTogether\PictureTogether.iceproj", "{C2515C31-0BE4-47AC-BA5B-A64458EF3B42}"
EndProject
Global
	GlobalSection(SolutionConfigurationPlatforms) = preSolution
		Debug|Any CPU = Debug|Any CPU
		Release|Any CPU = Release|Any CPU
	EndGlobalSection
	GlobalSection(ProjectConfigurationPlatforms) = postSolution
		{C2515C31-0BE4-47AC-BA5B-A64458EF3B42}.Debug|Any CPU.ActiveCfg = Debug|Any CPU
		{C2515C31-0BE4-47AC-BA5B-A64458EF3B42}.Debug|Any CPU.Build.0 = Debug|Any CPU
		{C2515C31-0BE4-47AC-BA5B-A64458EF3B42}.Release|Any CPU.ActiveCfg = Release|Any CPU
		{C2515C31-0BE4-47AC-BA5B-A64458EF3B42}.Release|Any CPU.Build.0 = Release|Any CPU
	EndGlobalSection
	GlobalSection(SolutionProperties) = preSolution
		HideSolutionNode = FALSE
	EndGlobalSection
EndGlobal
